
Microsoft Visual Studio Solution File, Format Version 12.00
# Visual Studio 15
VisualStudioVersion = 15.0.27703.2018
MinimumVisualStudioVersion = 10.0.40219.1
Project("{FAE04EC0-301F-11D3-BF4B-00C04F79EFBC}") = "Proxy.Android", "Proxy\Proxy.Android\Proxy.Android.csproj", "{28545F8A-F7A9-46CA-B151-7B0AC6A050D0}"
EndProject
Project("{FAE04EC0-301F-11D3-BF4B-00C04F79EFBC}") = "Proxy", "Proxy\Proxy\Proxy.csproj", "{17B812AD-37E3-47A8-A43F-253765C049AA}"
EndProject
Project("{FAE04EC0-301F-11D3-BF4B-00C04F79EFBC}") = "DLL", "DLL\DLL.csproj", "{E8F7E662-9CC7-479B-978A-315F28813EFA}"
EndProject
Project("{FAE04EC0-301F-11D3-BF4B-00C04F79EFBC}") = "ConsoleApp", "Console\ConsoleApp.csproj", "{39EC890E-BE26-4349-890A-B6E0DF5092BA}"
EndProject
Global
	GlobalSection(SolutionConfigurationPlatforms) = preSolution
		Ad-Hoc|Any CPU = Ad-Hoc|Any CPU
		Ad-Hoc|iPhone = Ad-Hoc|iPhone
		Ad-Hoc|iPhoneSimulator = Ad-Hoc|iPhoneSimulator
		AppStore|Any CPU = AppStore|Any CPU
		AppStore|iPhone = AppStore|iPhone
		AppStore|iPhoneSimulator = AppStore|iPhoneSimulator
		Debug|Any CPU = Debug|Any CPU
		Debug|iPhone = Debug|iPhone
		Debug|iPhoneSimulator = Debug|iPhoneSimulator
		Release|Any CPU = Release|Any CPU
		Release|iPhone = Release|iPhone
		Release|iPhoneSimulator = Release|iPhoneSimulator
	EndGlobalSection
	GlobalSection(ProjectConfigurationPlatforms) = postSolution
		{28545F8A-F7A9-46CA-B151-7B0AC6A050D0}.Ad-Hoc|Any CPU.ActiveCfg = Release|Any CPU
		{28545F8A-F7A9-46CA-B151-7B0AC6A050D0}.Ad-Hoc|Any CPU.Build.0 = Release|Any CPU
		{28545F8A-F7A9-46CA-B151-7B0AC6A050D0}.Ad-Hoc|Any CPU.Deploy.0 = Release|Any CPU
		{28545F8A-F7A9-46CA-B151-7B0AC6A050D0}.Ad-Hoc|iPhone.ActiveCfg = Release|Any CPU
		{28545F8A-F7A9-46CA-B151-7B0AC6A050D0}.Ad-Hoc|iPhone.Build.0 = Release|Any CPU
		{28545F8A-F7A9-46CA-B151-7B0AC6A050D0}.Ad-Hoc|iPhone.Deploy.0 = Release|Any CPU
		{28545F8A-F7A9-46CA-B151-7B0AC6A050D0}.Ad-Hoc|iPhoneSimulator.ActiveCfg = Release|Any CPU
		{28545F8A-F7A9-46CA-B151-7B0AC6A050D0}.Ad-Hoc|iPhoneSimulator.Build.0 = Release|Any CPU
		{28545F8A-F7A9-46CA-B151-7B0AC6A050D0}.Ad-Hoc|iPhoneSimulator.Deploy.0 = Release|Any CPU
		{28545F8A-F7A9-46CA-B151-7B0AC6A050D0}.AppStore|Any CPU.ActiveCfg = Release|Any CPU
		{28545F8A-F7A9-46CA-B151-7B0AC6A050D0}.AppStore|Any CPU.Build.0 = Release|Any CPU
		{28545F8A-F7A9-46CA-B151-7B0AC6A050D0}.AppStore|Any CPU.Deploy.0 = Release|Any CPU
		{28545F8A-F7A9-46CA-B151-7B0AC6A050D0}.AppStore|iPhone.ActiveCfg = Release|Any CPU
		{28545F8A-F7A9-46CA-B151-7B0AC6A050D0}.AppStore|iPhone.Build.0 = Release|Any CPU
		{28545F8A-F7A9-46CA-B151-7B0AC6A050D0}.AppStore|iPhone.Deploy.0 = Release|Any CPU
		{28545F8A-F7A9-46CA-B151-7B0AC6A050D0}.AppStore|iPhoneSimulator.ActiveCfg = Release|Any CPU
		{28545F8A-F7A9-46CA-B151-7B0AC6A050D0}.AppStore|iPhoneSimulator.Build.0 = Release|Any CPU
		{28545F8A-F7A9-46CA-B151-7B0AC6A050D0}.AppStore|iPhoneSimulator.Deploy.0 = Release|Any CPU
		{28545F8A-F7A9-46CA-B151-7B0AC6A050D0}.Debug|Any CPU.ActiveCfg = Debug|Any CPU
		{28545F8A-F7A9-46CA-B151-7B0AC6A050D0}.Debug|Any CPU.Build.0 = Debug|Any CPU
		{28545F8A-F7A9-46CA-B151-7B0AC6A050D0}.Debug|Any CPU.Deploy.0 = Debug|Any CPU
		{28545F8A-F7A9-46CA-B151-7B0AC6A050D0}.Debug|iPhone.ActiveCfg = Debug|Any CPU
		{28545F8A-F7A9-46CA-B151-7B0AC6A050D0}.Debug|iPhone.Build.0 = Debug|Any CPU
		{28545F8A-F7A9-46CA-B151-7B0AC6A050D0}.Debug|iPhone.Deploy.0 = Debug|Any CPU
		{28545F8A-F7A9-46CA-B151-7B0AC6A050D0}.Debug|iPhoneSimulator.ActiveCfg = Debug|Any CPU
		{28545F8A-F7A9-46CA-B151-7B0AC6A050D0}.Debug|iPhoneSimulator.Build.0 = Debug|Any CPU
		{28545F8A-F7A9-46CA-B151-7B0AC6A050D0}.Debug|iPhoneSimulator.Deploy.0 = Debug|Any CPU
		{28545F8A-F7A9-46CA-B151-7B0AC6A050D0}.Release|Any CPU.ActiveCfg = Release|Any CPU
		{28545F8A-F7A9-46CA-B151-7B0AC6A050D0}.Release|Any CPU.Build.0 = Release|Any CPU
		{28545F8A-F7A9-46CA-B151-7B0AC6A050D0}.Release|Any CPU.Deploy.0 = Release|Any CPU
		{28545F8A-F7A9-46CA-B151-7B0AC6A050D0}.Release|iPhone.ActiveCfg = Release|Any CPU
		{28545F8A-F7A9-46CA-B151-7B0AC6A050D0}.Release|iPhone.Build.0 = Release|Any CPU
		{28545F8A-F7A9-46CA-B151-7B0AC6A050D0}.Release|iPhone.Deploy.0 = Release|Any CPU
		{28545F8A-F7A9-46CA-B151-7B0AC6A050D0}.Release|iPhoneSimulator.ActiveCfg = Release|Any CPU
		{28545F8A-F7A9-46CA-B151-7B0AC6A050D0}.Release|iPhoneSimulator.Build.0 = Release|Any CPU
		{28545F8A-F7A9-46CA-B151-7B0AC6A050D0}.Release|iPhoneSimulator.Deploy.0 = Release|Any CPU
		{17B812AD-37E3-47A8-A43F-253765C049AA}.Ad-Hoc|Any CPU.ActiveCfg = Debug|Any CPU
		{17B812AD-37E3-47A8-A43F-253765C049AA}.Ad-Hoc|Any CPU.Build.0 = Debug|Any CPU
		{17B812AD-37E3-47A8-A43F-253765C049AA}.Ad-Hoc|Any CPU.Deploy.0 = Debug|Any CPU
		{17B812AD-37E3-47A8-A43F-253765C049AA}.Ad-Hoc|iPhone.ActiveCfg = Debug|Any CPU
		{17B812AD-37E3-47A8-A43F-253765C049AA}.Ad-Hoc|iPhone.Build.0 = Debug|Any CPU
		{17B812AD-37E3-47A8-A43F-253765C049AA}.Ad-Hoc|iPhone.Deploy.0 = Debug|Any CPU
		{17B812AD-37E3-47A8-A43F-253765C049AA}.Ad-Hoc|iPhoneSimulator.ActiveCfg = Debug|Any CPU
		{17B812AD-37E3-47A8-A43F-253765C049AA}.Ad-Hoc|iPhoneSimulator.Build.0 = Debug|Any CPU
		{17B812AD-37E3-47A8-A43F-253765C049AA}.Ad-Hoc|iPhoneSimulator.Deploy.0 = Debug|Any CPU
		{17B812AD-37E3-47A8-A43F-253765C049AA}.AppStore|Any CPU.ActiveCfg = Debug|Any CPU
		{17B812AD-37E3-47A8-A43F-253765C049AA}.AppStore|Any CPU.Build.0 = Debug|Any CPU
		{17B812AD-37E3-47A8-A43F-253765C049AA}.AppStore|Any CPU.Deploy.0 = Debug|Any CPU
		{17B812AD-37E3-47A8-A43F-253765C049AA}.AppStore|iPhone.ActiveCfg = Debug|Any CPU
		{17B812AD-37E3-47A8-A43F-253765C049AA}.AppStore|iPhone.Build.0 = Debug|Any CPU
		{17B812AD-37E3-47A8-A43F-253765C049AA}.AppStore|iPhone.Deploy.0 = Debug|Any CPU
		{17B812AD-37E3-47A8-A43F-253765C049AA}.AppStore|iPhoneSimulator.ActiveCfg = Debug|Any CPU
		{17B812AD-37E3-47A8-A43F-253765C049AA}.AppStore|iPhoneSimulator.Build.0 = Debug|Any CPU
		{17B812AD-37E3-47A8-A43F-253765C049AA}.AppStore|iPhoneSimulator.Deploy.0 = Debug|Any CPU
		{17B812AD-37E3-47A8-A43F-253765C049AA}.Debug|Any CPU.ActiveCfg = Debug|Any CPU
		{17B812AD-37E3-47A8-A43F-253765C049AA}.Debug|Any CPU.Build.0 = Debug|Any CPU
		{17B812AD-37E3-47A8-A43F-253765C049AA}.Debug|Any CPU.Deploy.0 = Debug|Any CPU
		{17B812AD-37E3-47A8-A43F-253765C049AA}.Debug|iPhone.ActiveCfg = Debug|Any CPU
		{17B812AD-37E3-47A8-A43F-253765C049AA}.Debug|iPhone.Build.0 = Debug|Any CPU
		{17B812AD-37E3-47A8-A43F-253765C049AA}.Debug|iPhone.Deploy.0 = Debug|Any CPU
		{17B812AD-37E3-47A8-A43F-253765C049AA}.Debug|iPhoneSimulator.ActiveCfg = Debug|Any CPU
		{17B812AD-37E3-47A8-A43F-253765C049AA}.Debug|iPhoneSimulator.Build.0 = Debug|Any CPU
		{17B812AD-37E3-47A8-A43F-253765C049AA}.Debug|iPhoneSimulator.Deploy.0 = Debug|Any CPU
		{17B812AD-37E3-47A8-A43F-253765C049AA}.Release|Any CPU.ActiveCfg = Release|Any CPU
		{17B812AD-37E3-47A8-A43F-253765C049AA}.Release|Any CPU.Build.0 = Release|Any CPU
		{17B812AD-37E3-47A8-A43F-253765C049AA}.Release|Any CPU.Deploy.0 = Release|Any CPU
		{17B812AD-37E3-47A8-A43F-253765C049AA}.Release|iPhone.ActiveCfg = Release|Any CPU
		{17B812AD-37E3-47A8-A43F-253765C049AA}.Release|iPhone.Build.0 = Release|Any CPU
		{17B812AD-37E3-47A8-A43F-253765C049AA}.Release|iPhone.Deploy.0 = Release|Any CPU
		{17B812AD-37E3-47A8-A43F-253765C049AA}.Release|iPhoneSimulator.ActiveCfg = Release|Any CPU
		{17B812AD-37E3-47A8-A43F-253765C049AA}.Release|iPhoneSimulator.Build.0 = Release|Any CPU
		{17B812AD-37E3-47A8-A43F-253765C049AA}.Release|iPhoneSimulator.Deploy.0 = Release|Any CPU
		{E8F7E662-9CC7-479B-978A-315F28813EFA}.Ad-Hoc|Any CPU.ActiveCfg = Release|Any CPU
		{E8F7E662-9CC7-479B-978A-315F28813EFA}.Ad-Hoc|Any CPU.Build.0 = Release|Any CPU
		{E8F7E662-9CC7-479B-978A-315F28813EFA}.Ad-Hoc|iPhone.ActiveCfg = Release|Any CPU
		{E8F7E662-9CC7-479B-978A-315F28813EFA}.Ad-Hoc|iPhone.Build.0 = Release|Any CPU
		{E8F7E662-9CC7-479B-978A-315F28813EFA}.Ad-Hoc|iPhoneSimulator.ActiveCfg = Release|Any CPU
		{E8F7E662-9CC7-479B-978A-315F28813EFA}.Ad-Hoc|iPhoneSimulator.Build.0 = Release|Any CPU
		{E8F7E662-9CC7-479B-978A-315F28813EFA}.AppStore|Any CPU.ActiveCfg = Release|Any CPU
		{E8F7E662-9CC7-479B-978A-315F28813EFA}.AppStore|Any CPU.Build.0 = Release|Any CPU
		{E8F7E662-9CC7-479B-978A-315F28813EFA}.AppStore|iPhone.ActiveCfg = Release|Any CPU
		{E8F7E662-9CC7-479B-978A-315F28813EFA}.AppStore|iPhone.Build.0 = Release|Any CPU
		{E8F7E662-9CC7-479B-978A-315F28813EFA}.AppStore|iPhoneSimulator.ActiveCfg = Release|Any CPU
		{E8F7E662-9CC7-479B-978A-315F28813EFA}.AppStore|iPhoneSimulator.Build.0 = Release|Any CPU
		{E8F7E662-9CC7-479B-978A-315F28813EFA}.Debug|Any CPU.ActiveCfg = Debug|Any CPU
		{E8F7E662-9CC7-479B-978A-315F28813EFA}.Debug|Any CPU.Build.0 = Debug|Any CPU
		{E8F7E662-9CC7-479B-978A-315F28813EFA}.Debug|iPhone.ActiveCfg = Debug|Any CPU
		{E8F7E662-9CC7-479B-978A-315F28813EFA}.Debug|iPhone.Build.0 = Debug|Any CPU
		{E8F7E662-9CC7-479B-978A-315F28813EFA}.Debug|iPhoneSimulator.ActiveCfg = Debug|Any CPU
		{E8F7E662-9CC7-479B-978A-315F28813EFA}.Debug|iPhoneSimulator.Build.0 = Debug|Any CPU
		{E8F7E662-9CC7-479B-978A-315F28813EFA}.Release|Any CPU.ActiveCfg = Release|Any CPU
		{E8F7E662-9CC7-479B-978A-315F28813EFA}.Release|Any CPU.Build.0 = Release|Any CPU
		{E8F7E662-9CC7-479B-978A-315F28813EFA}.Release|iPhone.ActiveCfg = Release|Any CPU
		{E8F7E662-9CC7-479B-978A-315F28813EFA}.Release|iPhone.Build.0 = Release|Any CPU
		{E8F7E662-9CC7-479B-978A-315F28813EFA}.Release|iPhoneSimulator.ActiveCfg = Release|Any CPU
		{E8F7E662-9CC7-479B-978A-315F28813EFA}.Release|iPhoneSimulator.Build.0 = Release|Any CPU
		{39EC890E-BE26-4349-890A-B6E0DF5092BA}.Ad-Hoc|Any CPU.ActiveCfg = Release|Any CPU
		{39EC890E-BE26-4349-890A-B6E0DF5092BA}.Ad-Hoc|Any CPU.Build.0 = Release|Any CPU
		{39EC890E-BE26-4349-890A-B6E0DF5092BA}.Ad-Hoc|iPhone.ActiveCfg = Release|Any CPU
		{39EC890E-BE26-4349-890A-B6E0DF5092BA}.Ad-Hoc|iPhone.Build.0 = Release|Any CPU
		{39EC890E-BE26-4349-890A-B6E0DF5092BA}.Ad-Hoc|iPhoneSimulator.ActiveCfg = Release|Any CPU
		{39EC890E-BE26-4349-890A-B6E0DF5092BA}.Ad-Hoc|iPhoneSimulator.Build.0 = Release|Any CPU
		{39EC890E-BE26-4349-890A-B6E0DF5092BA}.AppStore|Any CPU.ActiveCfg = Release|Any CPU
		{39EC890E-BE26-4349-890A-B6E0DF5092BA}.AppStore|Any CPU.Build.0 = Release|Any CPU
		{39EC890E-BE26-4349-890A-B6E0DF5092BA}.AppStore|iPhone.ActiveCfg = Release|Any CPU
		{39EC890E-BE26-4349-890A-B6E0DF5092BA}.AppStore|iPhone.Build.0 = Release|Any CPU
		{39EC890E-BE26-4349-890A-B6E0DF5092BA}.AppStore|iPhoneSimulator.ActiveCfg = Release|Any CPU
		{39EC890E-BE26-4349-890A-B6E0DF5092BA}.AppStore|iPhoneSimulator.Build.0 = Release|Any CPU
		{39EC890E-BE26-4349-890A-B6E0DF5092BA}.Debug|Any CPU.ActiveCfg = Debug|Any CPU
		{39EC890E-BE26-4349-890A-B6E0DF5092BA}.Debug|Any CPU.Build.0 = Debug|Any CPU
		{39EC890E-BE26-4349-890A-B6E0DF5092BA}.Debug|iPhone.ActiveCfg = Debug|Any CPU
		{39EC890E-BE26-4349-890A-B6E0DF5092BA}.Debug|iPhone.Build.0 = Debug|Any CPU
		{39EC890E-BE26-4349-890A-B6E0DF5092BA}.Debug|iPhoneSimulator.ActiveCfg = Debug|Any CPU
		{39EC890E-BE26-4349-890A-B6E0DF5092BA}.Debug|iPhoneSimulator.Build.0 = Debug|Any CPU
		{39EC890E-BE26-4349-890A-B6E0DF5092BA}.Release|Any CPU.ActiveCfg = Release|Any CPU
		{39EC890E-BE26-4349-890A-B6E0DF5092BA}.Release|Any CPU.Build.0 = Release|Any CPU
		{39EC890E-BE26-4349-890A-B6E0DF5092BA}.Release|iPhone.ActiveCfg = Release|Any CPU
		{39EC890E-BE26-4349-890A-B6E0DF5092BA}.Release|iPhone.Build.0 = Release|Any CPU
		{39EC890E-BE26-4349-890A-B6E0DF5092BA}.Release|iPhoneSimulator.ActiveCfg = Release|Any CPU
		{39EC890E-BE26-4349-890A-B6E0DF5092BA}.Release|iPhoneSimulator.Build.0 = Release|Any CPU
	EndGlobalSection
	GlobalSection(SolutionProperties) = preSolution
		HideSolutionNode = FALSE
	EndGlobalSection
	GlobalSection(ExtensibilityGlobals) = postSolution
		SolutionGuid = {8F9FE4B6-810B-452E-8990-6C498A08C4DA}
	EndGlobalSection
EndGlobal
